// !$*UTF8*$!
{
	archiveVersion = 1;
	classes = {
	};
	objectVersion = 46;
	objects = {

/* Begin PBXBuildFile section */
		20B4C5401B3DEB1100C336DB /* main.m in Sources */ = {isa = PBXBuildFile; fileRef = 20B4C53F1B3DEB1100C336DB /* main.m */; };
		20B4C5431B3DEB1100C336DB /* AppDelegate.m in Sources */ = {isa = PBXBuildFile; fileRef = 20B4C5421B3DEB1100C336DB /* AppDelegate.m */; };
		20B4C5461B3DEB1100C336DB /* ViewController.m in Sources */ = {isa = PBXBuildFile; fileRef = 20B4C5451B3DEB1100C336DB /* ViewController.m */; };
		20B4C5491B3DEB1100C336DB /* Main.storyboard in Resources */ = {isa = PBXBuildFile; fileRef = 20B4C5471B3DEB1100C336DB /* Main.storyboard */; };
		20B4C54B1B3DEB1100C336DB /* Images.xcassets in Resources */ = {isa = PBXBuildFile; fileRef = 20B4C54A1B3DEB1100C336DB /* Images.xcassets */; };
		20B4C54E1B3DEB1100C336DB /* LaunchScreen.xib in Resources */ = {isa = PBXBuildFile; fileRef = 20B4C54C1B3DEB1100C336DB /* LaunchScreen.xib */; };
		20B4C55A1B3DEB1100C336DB /* tssmapTests.m in Sources */ = {isa = PBXBuildFile; fileRef = 20B4C5591B3DEB1100C336DB /* tssmapTests.m */; };
/* End PBXBuildFile section */

/* Begin PBXContainerItemProxy section */
		20B4C5541B3DEB1100C336DB /* PBXContainerItemProxy */ = {
			isa = PBXContainerItemProxy;
			containerPortal = 20B4C5321B3DEB1100C336DB /* Project object */;
			proxyType = 1;
			remoteGlobalIDString = 20B4C5391B3DEB1100C336DB;
			remoteInfo = tssmap;
		};
/* End PBXContainerItemProxy section */

/* Begin PBXFileReference section */
		20B4C53A1B3DEB1100C336DB /* tssmap.app */ = {isa = PBXFileReference; explicitFileType = wrapper.application; includeInIndex = 0; path = tssmap.app; sourceTree = BUILT_PRODUCTS_DIR; };
		20B4C53E1B3DEB1100C336DB /* Info.plist */ = {isa = PBXFileReference; lastKnownFileType = text.plist.xml; path = Info.plist; sourceTree = "<group>"; };
		20B4C53F1B3DEB1100C336DB /* main.m */ = {isa = PBXFileReference; lastKnownFileType = sourcecode.c.objc; path = main.m; sourceTree = "<group>"; };
		20B4C5411B3DEB1100C336DB /* AppDelegate.h */ = {isa = PBXFileReference; lastKnownFileType = sourcecode.c.h; path = AppDelegate.h; sourceTree = "<group>"; };
		20B4C5421B3DEB1100C336DB /* AppDelegate.m */ = {isa = PBXFileReference; lastKnownFileType = sourcecode.c.objc; path = AppDelegate.m; sourceTree = "<group>"; };
		20B4C5441B3DEB1100C336DB /* ViewController.h */ = {isa = PBXFileReference; lastKnownFileType = sourcecode.c.h; path = ViewController.h; sourceTree = "<group>"; };
		20B4C5451B3DEB1100C336DB /* ViewController.m */ = {isa = PBXFileReference; lastKnownFileType = sourcecode.c.objc; path = ViewController.m; sourceTree = "<group>"; };
		20B4C5481B3DEB1100C336DB /* Base */ = {isa = PBXFileReference; lastKnownFileType = file.storyboard; name = Base; path = Base.lproj/Main.storyboard; sourceTree = "<group>"; };
		20B4C54A1B3DEB1100C336DB /* Images.xcassets */ = {isa = PBXFileReference; lastKnownFileType = folder.assetcatalog; path = Images.xcassets; sourceTree = "<group>"; };
		20B4C54D1B3DEB1100C336DB /* Base */ = {isa = PBXFileReference; lastKnownFileType = file.xib; name = Base; path = Base.lproj/LaunchScreen.xib; sourceTree = "<group>"; };
		20B4C5531B3DEB1100C336DB /* tssmapTests.xctest */ = {isa = PBXFileReference; explicitFileType = wrapper.cfbundle; includeInIndex = 0; path = tssmapTests.xctest; sourceTree = BUILT_PRODUCTS_DIR; };
		20B4C5581B3DEB1100C336DB /* Info.plist */ = {isa = PBXFileReference; lastKnownFileType = text.plist.xml; path = Info.plist; sourceTree = "<group>"; };
		20B4C5591B3DEB1100C336DB /* tssmapTests.m */ = {isa = PBXFileReference; lastKnownFileType = sourcecode.c.objc; path = tssmapTests.m; sourceTree = "<group>"; };
/* End PBXFileReference section */

/* Begin PBXFrameworksBuildPhase section */
		20B4C5371B3DEB1100C336DB /* Frameworks */ = {
			isa = PBXFrameworksBuildPhase;
			buildActionMask = 2147483647;
			files = (
			);
			runOnlyForDeploymentPostprocessing = 0;
		};
		20B4C5501B3DEB1100C336DB /* Frameworks */ = {
			isa = PBXFrameworksBuildPhase;
			buildActionMask = 2147483647;
			files = (
			);
			runOnlyForDeploymentPostprocessing = 0;
		};
/* End PBXFrameworksBuildPhase section */

/* Begin PBXGroup section */
		20B4C5311B3DEB1100C336DB = {
			isa = PBXGroup;
			children = (
				20B4C53C1B3DEB1100C336DB /* tssmap */,
				20B4C5561B3DEB1100C336DB /* tssmapTests */,
				20B4C53B1B3DEB1100C336DB /* Products */,
			);
			sourceTree = "<group>";
		};
		20B4C53B1B3DEB1100C336DB /* Products */ = {
			isa = PBXGroup;
			children = (
				20B4C53A1B3DEB1100C336DB /* tssmap.app */,
				20B4C5531B3DEB1100C336DB /* tssmapTests.xctest */,
			);
			name = Products;
			sourceTree = "<group>";
		};
		20B4C53C1B3DEB1100C336DB /* tssmap */ = {
			isa = PBXGroup;
			children = (
				20B4C5411B3DEB1100C336DB /* AppDelegate.h */,
				20B4C5421B3DEB1100C336DB /* AppDelegate.m */,
				20B4C5441B3DEB1100C336DB /* ViewController.h */,
				20B4C5451B3DEB1100C336DB /* ViewController.m */,
				20B4C5471B3DEB1100C336DB /* Main.storyboard */,
				20B4C54A1B3DEB1100C336DB /* Images.xcassets */,
				20B4C54C1B3DEB1100C336DB /* LaunchScreen.xib */,
				20B4C53D1B3DEB1100C336DB /* Supporting Files */,
			);
			path = tssmap;
			sourceTree = "<group>";
		};
		20B4C53D1B3DEB1100C336DB /* Supporting Files */ = {
			isa = PBXGroup;
			children = (
				20B4C53E1B3DEB1100C336DB /* Info.plist */,
				20B4C53F1B3DEB1100C336DB /* main.m */,
			);
			name = "Supporting Files";
			sourceTree = "<group>";
		};
		20B4C5561B3DEB1100C336DB /* tssmapTests */ = {
			isa = PBXGroup;
			children = (
				20B4C5591B3DEB1100C336DB /* tssmapTests.m */,
				20B4C5571B3DEB1100C336DB /* Supporting Files */,
			);
			path = tssmapTests;
			sourceTree = "<group>";
		};
		20B4C5571B3DEB1100C336DB /* Supporting Files */ = {
			isa = PBXGroup;
			children = (
				20B4C5581B3DEB1100C336DB /* Info.plist */,
			);
			name = "Supporting Files";
			sourceTree = "<group>";
		};
/* End PBXGroup section */

/* Begin PBXNativeTarget section */
		20B4C5391B3DEB1100C336DB /* tssmap */ = {
			isa = PBXNativeTarget;
			buildConfigurationList = 20B4C55D1B3DEB1100C336DB /* Build configuration list for PBXNativeTarget "tssmap" */;
			buildPhases = (
				20B4C5361B3DEB1100C336DB /* Sources */,
				20B4C5371B3DEB1100C336DB /* Frameworks */,
				20B4C5381B3DEB1100C336DB /* Resources */,
			);
			buildRules = (
			);
			dependencies = (
			);
			name = tssmap;
			productName = tssmap;
			productReference = 20B4C53A1B3DEB1100C336DB /* tssmap.app */;
			productType = "com.apple.product-type.application";
		};
		20B4C5521B3DEB1100C336DB /* tssmapTests */ = {
			isa = PBXNativeTarget;
			buildConfigurationList = 20B4C5601B3DEB1100C336DB /* Build configuration list for PBXNativeTarget "tssmapTests" */;
			buildPhases = (
				20B4C54F1B3DEB1100C336DB /* Sources */,
				20B4C5501B3DEB1100C336DB /* Frameworks */,
				20B4C5511B3DEB1100C336DB /* Resources */,
			);
			buildRules = (
			);
			dependencies = (
				20B4C5551B3DEB1100C336DB /* PBXTargetDependency */,
			);
			name = tssmapTests;
			productName = tssmapTests;
			productReference = 20B4C5531B3DEB1100C336DB /* tssmapTests.xctest */;
			productType = "com.apple.product-type.bundle.unit-test";
		};
/* End PBXNativeTarget section */

/* Begin PBXProject section */
		20B4C5321B3DEB1100C336DB /* Project object */ = {
			isa = PBXProject;
			attributes = {
				LastUpgradeCheck = 0630;
				ORGANIZATIONNAME = "Vladimir Calfa";
				TargetAttributes = {
					20B4C5391B3DEB1100C336DB = {
						CreatedOnToolsVersion = 6.3.2;
					};
					20B4C5521B3DEB1100C336DB = {
						CreatedOnToolsVersion = 6.3.2;
						TestTargetID = 20B4C5391B3DEB1100C336DB;
					};
				};
			};
			buildConfigurationList = 20B4C5351B3DEB1100C336DB /* Build configuration list for PBXProject "tssmap" */;
			compatibilityVersion = "Xcode 3.2";
			developmentRegion = English;
			hasScannedForEncodings = 0;
			knownRegions = (
				en,
				Base,
			);
			mainGroup = 20B4C5311B3DEB1100C336DB;
			productRefGroup = 20B4C53B1B3DEB1100C336DB /* Products */;
			projectDirPath = "";
			projectRoot = "";
			targets = (
				20B4C5391B3DEB1100C336DB /* tssmap */,
				20B4C5521B3DEB1100C336DB /* tssmapTests */,
			);
		};
/* End PBXProject section */

/* Begin PBXResourcesBuildPhase section */
		20B4C5381B3DEB1100C336DB /* Resources */ = {
			isa = PBXResourcesBuildPhase;
			buildActionMask = 2147483647;
			files = (
				20B4C5491B3DEB1100C336DB /* Main.storyboard in Resources */,
				20B4C54E1B3DEB1100C336DB /* LaunchScreen.xib in Resources */,
				20B4C54B1B3DEB1100C336DB /* Images.xcassets in Resources */,
			);
			runOnlyForDeploymentPostprocessing = 0;
		};
		20B4C5511B3DEB1100C336DB /* Resources */ = {
			isa = PBXResourcesBuildPhase;
			buildActionMask = 2147483647;
			files = (
			);
			runOnlyForDeploymentPostprocessing = 0;
		};
/* End PBXResourcesBuildPhase section */

/* Begin PBXSourcesBuildPhase section */
		20B4C5361B3DEB1100C336DB /* Sources */ = {
			isa = PBXSourcesBuildPhase;
			buildActionMask = 2147483647;
			files = (
				20B4C5461B3DEB1100C336DB /* ViewController.m in Sources */,
				20B4C5431B3DEB1100C336DB /* AppDelegate.m in Sources */,
				20B4C5401B3DEB1100C336DB /* main.m in Sources */,
			);
			runOnlyForDeploymentPostprocessing = 0;
		};
		20B4C54F1B3DEB1100C336DB /* Sources */ = {
			isa = PBXSourcesBuildPhase;
			buildActionMask = 2147483647;
			files = (
				20B4C55A1B3DEB1100C336DB /* tssmapTests.m in Sources */,
			);
			runOnlyForDeploymentPostprocessing = 0;
		};
/* End PBXSourcesBuildPhase section */

/* Begin PBXTargetDependency section */
		20B4C5551B3DEB1100C336DB /* PBXTargetDependency */ = {
			isa = PBXTargetDependency;
			target = 20B4C5391B3DEB1100C336DB /* tssmap */;
			targetProxy = 20B4C5541B3DEB1100C336DB /* PBXContainerItemProxy */;
		};
/* End PBXTargetDependency section */

/* Begin PBXVariantGroup section */
		20B4C5471B3DEB1100C336DB /* Main.storyboard */ = {
			isa = PBXVariantGroup;
			children = (
				20B4C5481B3DEB1100C336DB /* Base */,
			);
			name = Main.storyboard;
			sourceTree = "<group>";
		};
		20B4C54C1B3DEB1100C336DB /* LaunchScreen.xib */ = {
			isa = PBXVariantGroup;
			children = (
				20B4C54D1B3DEB1100C336DB /* Base */,
			);
			name = LaunchScreen.xib;
			sourceTree = "<group>";
		};
/* End PBXVariantGroup section */

/* Begin XCBuildConfiguration section */
		20B4C55B1B3DEB1100C336DB /* Debug */ = {
			isa = XCBuildConfiguration;
			buildSettings = {
				ALWAYS_SEARCH_USER_PATHS = NO;
				CLANG_CXX_LANGUAGE_STANDARD = "gnu++0x";
				CLANG_CXX_LIBRARY = "libc++";
				CLANG_ENABLE_MODULES = YES;
				CLANG_ENABLE_OBJC_ARC = YES;
				CLANG_WARN_BOOL_CONVERSION = YES;
				CLANG_WARN_CONSTANT_CONVERSION = YES;
				CLANG_WARN_DIRECT_OBJC_ISA_USAGE = YES_ERROR;
				CLANG_WARN_EMPTY_BODY = YES;
				CLANG_WARN_ENUM_CONVERSION = YES;
				CLANG_WARN_INT_CONVERSION = YES;
				CLANG_WARN_OBJC_ROOT_CLASS = YES_ERROR;
				CLANG_WARN_UNREACHABLE_CODE = YES;
				CLANG_WARN__DUPLICATE_METHOD_MATCH = YES;
				"CODE_SIGN_IDENTITY[sdk=iphoneos*]" = "iPhone Developer";
				COPY_PHASE_STRIP = NO;
				DEBUG_INFORMATION_FORMAT = "dwarf-with-dsym";
				ENABLE_STRICT_OBJC_MSGSEND = YES;
				GCC_C_LANGUAGE_STANDARD = gnu99;
				GCC_DYNAMIC_NO_PIC = NO;
				GCC_NO_COMMON_BLOCKS = YES;
				GCC_OPTIMIZATION_LEVEL = 0;
				GCC_PREPROCESSOR_DEFINITIONS = (
					"DEBUG=1",
					"$(inherited)",
				);
				GCC_SYMBOLS_PRIVATE_EXTERN = NO;
				GCC_WARN_64_TO_32_BIT_CONVERSION = YES;
				GCC_WARN_ABOUT_RETURN_TYPE = YES_ERROR;
				GCC_WARN_UNDECLARED_SELECTOR = YES;
				GCC_WARN_UNINITIALIZED_AUTOS = YES_AGGRESSIVE;
				GCC_WARN_UNUSED_FUNCTION = YES;
				GCC_WARN_UNUSED_VARIABLE = YES;
				IPHONEOS_DEPLOYMENT_TARGET = 8.3;
				MTL_ENABLE_DEBUG_INFO = YES;
				ONLY_ACTIVE_ARCH = YES;
				SDKROOT = iphoneos;
				TARGETED_DEVICE_FAMILY = "1,2";
			};
			name = Debug;
		};
		20B4C55C1B3DEB1100C336DB /* Release */ = {
			isa = XCBuildConfiguration;
			buildSettings = {
				ALWAYS_SEARCH_USER_PATHS = NO;
				CLANG_CXX_LANGUAGE_STANDARD = "gnu++0x";
				CLANG_CXX_LIBRARY = "libc++";
				CLANG_ENABLE_MODULES = YES;
				CLANG_ENABLE_OBJC_ARC = YES;
				CLANG_WARN_BOOL_CONVERSION = YES;
				CLANG_WARN_CONSTANT_CONVERSION = YES;
				CLANG_WARN_DIRECT_OBJC_ISA_USAGE = YES_ERROR;
				CLANG_WARN_EMPTY_BODY = YES;
				CLANG_WARN_ENUM_CONVERSION = YES;
				CLANG_WARN_INT_CONVERSION = YES;
				CLANG_WARN_OBJC_ROOT_CLASS = YES_ERROR;
				CLANG_WARN_UNREACHABLE_CODE = YES;
				CLANG_WARN__DUPLICATE_METHOD_MATCH = YES;
				"CODE_SIGN_IDENTITY[sdk=iphoneos*]" = "iPhone Developer";
				COPY_PHASE_STRIP = NO;
				DEBUG_INFORMATION_FORMAT = "dwarf-with-dsym";
				ENABLE_NS_ASSERTIONS = NO;
				ENABLE_STRICT_OBJC_MSGSEND = YES;
				GCC_C_LANGUAGE_STANDARD = gnu99;
				GCC_NO_COMMON_BLOCKS = YES;
				GCC_WARN_64_TO_32_BIT_CONVERSION = YES;
				GCC_WARN_ABOUT_RETURN_TYPE = YES_ERROR;
				GCC_WARN_UNDECLARED_SELECTOR = YES;
				GCC_WARN_UNINITIALIZED_AUTOS = YES_AGGRESSIVE;
				GCC_WARN_UNUSED_FUNCTION = YES;
				GCC_WARN_UNUSED_VARIABLE = YES;
				IPHONEOS_DEPLOYMENT_TARGET = 8.3;
				MTL_ENABLE_DEBUG_INFO = NO;
				SDKROOT = iphoneos;
				TARGETED_DEVICE_FAMILY = "1,2";
				VALIDATE_PRODUCT = YES;
			};
			name = Release;
		};
		20B4C55E1B3DEB1100C336DB /* Debug */ = {
			isa = XCBuildConfiguration;
			buildSettings = {
				ASSETCATALOG_COMPILER_APPICON_NAME = AppIcon;
				INFOPLIST_FILE = tssmap/Info.plist;
				LD_RUNPATH_SEARCH_PATHS = "$(inherited) @executable_path/Frameworks";
				PRODUCT_NAME = "$(TARGET_NAME)";
			};
			name = Debug;
		};
		20B4C55F1B3DEB1100C336DB /* Release */ = {
			isa = XCBuildConfiguration;
			buildSettings = {
				ASSETCATALOG_COMPILER_APPICON_NAME = AppIcon;
				INFOPLIST_FILE = tssmap/Info.plist;
				LD_RUNPATH_SEARCH_PATHS = "$(inherited) @executable_path/Frameworks";
				PRODUCT_NAME = "$(TARGET_NAME)";
			};
			name = Release;
		};
		20B4C5611B3DEB1100C336DB /* Debug */ = {
			isa = XCBuildConfiguration;
			buildSettings = {
				BUNDLE_LOADER = "$(TEST_HOST)";
				FRAMEWORK_SEARCH_PATHS = (
					"$(SDKROOT)/Developer/Library/Frameworks",
					"$(inherited)",
				);
				GCC_PREPROCESSOR_DEFINITIONS = (
					"DEBUG=1",
					"$(inherited)",
				);
				INFOPLIST_FILE = tssmapTests/Info.plist;
				LD_RUNPATH_SEARCH_PATHS = "$(inherited) @executable_path/Frameworks @loader_path/Frameworks";
				PRODUCT_NAME = "$(TARGET_NAME)";
				TEST_HOST = "$(BUILT_PRODUCTS_DIR)/tssmap.app/tssmap";
			};
			name = Debug;
		};
		20B4C5621B3DEB1100C336DB /* Release */ = {
			isa = XCBuildConfiguration;
			buildSettings = {
				BUNDLE_LOADER = "$(TEST_HOST)";
				FRAMEWORK_SEARCH_PATHS = (
					"$(SDKROOT)/Developer/Library/Frameworks",
					"$(inherited)",
				);
				INFOPLIST_FILE = tssmapTests/Info.plist;
				LD_RUNPATH_SEARCH_PATHS = "$(inherited) @executable_path/Frameworks @loader_path/Frameworks";
				PRODUCT_NAME = "$(TARGET_NAME)";
				TEST_HOST = "$(BUILT_PRODUCTS_DIR)/tssmap.app/tssmap";
			};
			name = Release;
		};
/* End XCBuildConfiguration section */

/* Begin XCConfigurationList section */
		20B4C5351B3DEB1100C336DB /* Build configuration list for PBXProject "tssmap" */ = {
			isa = XCConfigurationList;
			buildConfigurations = (
				20B4C55B1B3DEB1100C336DB /* Debug */,
				20B4C55C1B3DEB1100C336DB /* Release */,
			);
			defaultConfigurationIsVisible = 0;
			defaultConfigurationName = Release;
		};
		20B4C55D1B3DEB1100C336DB /* Build configuration list for PBXNativeTarget "tssmap" */ = {
			isa = XCConfigurationList;
			buildConfigurations = (
				20B4C55E1B3DEB1100C336DB /* Debug */,
				20B4C55F1B3DEB1100C336DB /* Release */,
			);
			defaultConfigurationIsVisible = 0;
		};
		20B4C5601B3DEB1100C336DB /* Build configuration list for PBXNativeTarget "tssmapTests" */ = {
			isa = XCConfigurationList;
			buildConfigurations = (
				20B4C5611B3DEB1100C336DB /* Debug */,
				20B4C5621B3DEB1100C336DB /* Release */,
			);
			defaultConfigurationIsVisible = 0;
		};
/* End XCConfigurationList section */
	};
	rootObject = 20B4C5321B3DEB1100C336DB /* Project object */;
}
